// !$*UTF8*$!
{
	archiveVersion = 1;
	classes = {
	};
	objectVersion = 55;
	objects = {

/* Begin PBXBuildFile section */
		973314AC27DB3B1600A305A0 /* AppDelegate.swift in Sources */ = {isa = PBXBuildFile; fileRef = 973314AB27DB3B1600A305A0 /* AppDelegate.swift */; };
		973314AE27DB3B1600A305A0 /* SceneDelegate.swift in Sources */ = {isa = PBXBuildFile; fileRef = 973314AD27DB3B1600A305A0 /* SceneDelegate.swift */; };
		973314B027DB3B1600A305A0 /* ViewController.swift in Sources */ = {isa = PBXBuildFile; fileRef = 973314AF27DB3B1600A305A0 /* ViewController.swift */; };
		973314B327DB3B1600A305A0 /* Main.storyboard in Resources */ = {isa = PBXBuildFile; fileRef = 973314B127DB3B1600A305A0 /* Main.storyboard */; };
		973314B527DB3B1700A305A0 /* Assets.xcassets in Resources */ = {isa = PBXBuildFile; fileRef = 973314B427DB3B1700A305A0 /* Assets.xcassets */; };
		973314B827DB3B1700A305A0 /* LaunchScreen.storyboard in Resources */ = {isa = PBXBuildFile; fileRef = 973314B627DB3B1700A305A0 /* LaunchScreen.storyboard */; };
		973314C327DB3B1700A305A0 /* XCUIAutomationScriptsTests.swift in Sources */ = {isa = PBXBuildFile; fileRef = 973314C227DB3B1700A305A0 /* XCUIAutomationScriptsTests.swift */; };
		973314CD27DB3B1700A305A0 /* XCUIAutomationScriptsUITests.swift in Sources */ = {isa = PBXBuildFile; fileRef = 973314CC27DB3B1700A305A0 /* XCUIAutomationScriptsUITests.swift */; };
		973314CF27DB3B1800A305A0 /* XCUIAutomationScriptsUITestsLaunchTests.swift in Sources */ = {isa = PBXBuildFile; fileRef = 973314CE27DB3B1800A305A0 /* XCUIAutomationScriptsUITestsLaunchTests.swift */; };
/* End PBXBuildFile section */

/* Begin PBXContainerItemProxy section */
		973314BF27DB3B1700A305A0 /* PBXContainerItemProxy */ = {
			isa = PBXContainerItemProxy;
			containerPortal = 973314A027DB3B1600A305A0 /* Project object */;
			proxyType = 1;
			remoteGlobalIDString = 973314A727DB3B1600A305A0;
			remoteInfo = XCUIAutomationScripts;
		};
		973314C927DB3B1700A305A0 /* PBXContainerItemProxy */ = {
			isa = PBXContainerItemProxy;
			containerPortal = 973314A027DB3B1600A305A0 /* Project object */;
			proxyType = 1;
			remoteGlobalIDString = 973314A727DB3B1600A305A0;
			remoteInfo = XCUIAutomationScripts;
		};
/* End PBXContainerItemProxy section */

/* Begin PBXFileReference section */
		973314A827DB3B1600A305A0 /* XCUIAutomationScripts.app */ = {isa = PBXFileReference; explicitFileType = wrapper.application; includeInIndex = 0; path = XCUIAutomationScripts.app; sourceTree = BUILT_PRODUCTS_DIR; };
		973314AB27DB3B1600A305A0 /* AppDelegate.swift */ = {isa = PBXFileReference; lastKnownFileType = sourcecode.swift; path = AppDelegate.swift; sourceTree = "<group>"; };
		973314AD27DB3B1600A305A0 /* SceneDelegate.swift */ = {isa = PBXFileReference; lastKnownFileType = sourcecode.swift; path = SceneDelegate.swift; sourceTree = "<group>"; };
		973314AF27DB3B1600A305A0 /* ViewController.swift */ = {isa = PBXFileReference; lastKnownFileType = sourcecode.swift; path = ViewController.swift; sourceTree = "<group>"; };
		973314B227DB3B1600A305A0 /* Base */ = {isa = PBXFileReference; lastKnownFileType = file.storyboard; name = Base; path = Base.lproj/Main.storyboard; sourceTree = "<group>"; };
		973314B427DB3B1700A305A0 /* Assets.xcassets */ = {isa = PBXFileReference; lastKnownFileType = folder.assetcatalog; path = Assets.xcassets; sourceTree = "<group>"; };
		973314B727DB3B1700A305A0 /* Base */ = {isa = PBXFileReference; lastKnownFileType = file.storyboard; name = Base; path = Base.lproj/LaunchScreen.storyboard; sourceTree = "<group>"; };
		973314B927DB3B1700A305A0 /* Info.plist */ = {isa = PBXFileReference; lastKnownFileType = text.plist.xml; path = Info.plist; sourceTree = "<group>"; };
		973314BE27DB3B1700A305A0 /* XCUIAutomationScriptsTests.xctest */ = {isa = PBXFileReference; explicitFileType = wrapper.cfbundle; includeInIndex = 0; path = XCUIAutomationScriptsTests.xctest; sourceTree = BUILT_PRODUCTS_DIR; };
		973314C227DB3B1700A305A0 /* XCUIAutomationScriptsTests.swift */ = {isa = PBXFileReference; lastKnownFileType = sourcecode.swift; path = XCUIAutomationScriptsTests.swift; sourceTree = "<group>"; };
		973314C827DB3B1700A305A0 /* XCUIAutomationScriptsUITests.xctest */ = {isa = PBXFileReference; explicitFileType = wrapper.cfbundle; includeInIndex = 0; path = XCUIAutomationScriptsUITests.xctest; sourceTree = BUILT_PRODUCTS_DIR; };
		973314CC27DB3B1700A305A0 /* XCUIAutomationScriptsUITests.swift */ = {isa = PBXFileReference; lastKnownFileType = sourcecode.swift; path = XCUIAutomationScriptsUITests.swift; sourceTree = "<group>"; };
		973314CE27DB3B1800A305A0 /* XCUIAutomationScriptsUITestsLaunchTests.swift */ = {isa = PBXFileReference; lastKnownFileType = sourcecode.swift; path = XCUIAutomationScriptsUITestsLaunchTests.swift; sourceTree = "<group>"; };
/* End PBXFileReference section */

/* Begin PBXFrameworksBuildPhase section */
		973314A527DB3B1600A305A0 /* Frameworks */ = {
			isa = PBXFrameworksBuildPhase;
			buildActionMask = 2147483647;
			files = (
			);
			runOnlyForDeploymentPostprocessing = 0;
		};
		973314BB27DB3B1700A305A0 /* Frameworks */ = {
			isa = PBXFrameworksBuildPhase;
			buildActionMask = 2147483647;
			files = (
			);
			runOnlyForDeploymentPostprocessing = 0;
		};
		973314C527DB3B1700A305A0 /* Frameworks */ = {
			isa = PBXFrameworksBuildPhase;
			buildActionMask = 2147483647;
			files = (
			);
			runOnlyForDeploymentPostprocessing = 0;
		};
/* End PBXFrameworksBuildPhase section */

/* Begin PBXGroup section */
		9733149F27DB3B1600A305A0 = {
			isa = PBXGroup;
			children = (
				973314AA27DB3B1600A305A0 /* XCUIAutomationScripts */,
				973314C127DB3B1700A305A0 /* XCUIAutomationScriptsTests */,
				973314CB27DB3B1700A305A0 /* XCUIAutomationScriptsUITests */,
				973314A927DB3B1600A305A0 /* Products */,
			);
			sourceTree = "<group>";
		};
		973314A927DB3B1600A305A0 /* Products */ = {
			isa = PBXGroup;
			children = (
				973314A827DB3B1600A305A0 /* XCUIAutomationScripts.app */,
				973314BE27DB3B1700A305A0 /* XCUIAutomationScriptsTests.xctest */,
				973314C827DB3B1700A305A0 /* XCUIAutomationScriptsUITests.xctest */,
			);
			name = Products;
			sourceTree = "<group>";
		};
		973314AA27DB3B1600A305A0 /* XCUIAutomationScripts */ = {
			isa = PBXGroup;
			children = (
				973314AB27DB3B1600A305A0 /* AppDelegate.swift */,
				973314AD27DB3B1600A305A0 /* SceneDelegate.swift */,
				973314AF27DB3B1600A305A0 /* ViewController.swift */,
				973314B127DB3B1600A305A0 /* Main.storyboard */,
				973314B427DB3B1700A305A0 /* Assets.xcassets */,
				973314B627DB3B1700A305A0 /* LaunchScreen.storyboard */,
				973314B927DB3B1700A305A0 /* Info.plist */,
			);
			path = XCUIAutomationScripts;
			sourceTree = "<group>";
		};
		973314C127DB3B1700A305A0 /* XCUIAutomationScriptsTests */ = {
			isa = PBXGroup;
			children = (
				973314C227DB3B1700A305A0 /* XCUIAutomationScriptsTests.swift */,
			);
			path = XCUIAutomationScriptsTests;
			sourceTree = "<group>";
		};
		973314CB27DB3B1700A305A0 /* XCUIAutomationScriptsUITests */ = {
			isa = PBXGroup;
			children = (
				973314CC27DB3B1700A305A0 /* XCUIAutomationScriptsUITests.swift */,
				973314CE27DB3B1800A305A0 /* XCUIAutomationScriptsUITestsLaunchTests.swift */,
			);
			path = XCUIAutomationScriptsUITests;
			sourceTree = "<group>";
		};
/* End PBXGroup section */

/* Begin PBXNativeTarget section */
		973314A727DB3B1600A305A0 /* XCUIAutomationScripts */ = {
			isa = PBXNativeTarget;
			buildConfigurationList = 973314D227DB3B1800A305A0 /* Build configuration list for PBXNativeTarget "XCUIAutomationScripts" */;
			buildPhases = (
				973314A427DB3B1600A305A0 /* Sources */,
				973314A527DB3B1600A305A0 /* Frameworks */,
				973314A627DB3B1600A305A0 /* Resources */,
			);
			buildRules = (
			);
			dependencies = (
			);
			name = XCUIAutomationScripts;
			productName = XCUIAutomationScripts;
			productReference = 973314A827DB3B1600A305A0 /* XCUIAutomationScripts.app */;
			productType = "com.apple.product-type.application";
		};
		973314BD27DB3B1700A305A0 /* XCUIAutomationScriptsTests */ = {
			isa = PBXNativeTarget;
			buildConfigurationList = 973314D527DB3B1800A305A0 /* Build configuration list for PBXNativeTarget "XCUIAutomationScriptsTests" */;
			buildPhases = (
				973314BA27DB3B1700A305A0 /* Sources */,
				973314BB27DB3B1700A305A0 /* Frameworks */,
				973314BC27DB3B1700A305A0 /* Resources */,
			);
			buildRules = (
			);
			dependencies = (
				973314C027DB3B1700A305A0 /* PBXTargetDependency */,
			);
			name = XCUIAutomationScriptsTests;
			productName = XCUIAutomationScriptsTests;
			productReference = 973314BE27DB3B1700A305A0 /* XCUIAutomationScriptsTests.xctest */;
			productType = "com.apple.product-type.bundle.unit-test";
		};
		973314C727DB3B1700A305A0 /* XCUIAutomationScriptsUITests */ = {
			isa = PBXNativeTarget;
			buildConfigurationList = 973314D827DB3B1800A305A0 /* Build configuration list for PBXNativeTarget "XCUIAutomationScriptsUITests" */;
			buildPhases = (
				973314C427DB3B1700A305A0 /* Sources */,
				973314C527DB3B1700A305A0 /* Frameworks */,
				973314C627DB3B1700A305A0 /* Resources */,
			);
			buildRules = (
			);
			dependencies = (
				973314CA27DB3B1700A305A0 /* PBXTargetDependency */,
			);
			name = XCUIAutomationScriptsUITests;
			productName = XCUIAutomationScriptsUITests;
			productReference = 973314C827DB3B1700A305A0 /* XCUIAutomationScriptsUITests.xctest */;
			productType = "com.apple.product-type.bundle.ui-testing";
		};
/* End PBXNativeTarget section */

/* Begin PBXProject section */
		973314A027DB3B1600A305A0 /* Project object */ = {
			isa = PBXProject;
			attributes = {
				BuildIndependentTargetsInParallel = 1;
				LastSwiftUpdateCheck = 1320;
				LastUpgradeCheck = 1320;
				TargetAttributes = {
					973314A727DB3B1600A305A0 = {
						CreatedOnToolsVersion = 13.2.1;
					};
					973314BD27DB3B1700A305A0 = {
						CreatedOnToolsVersion = 13.2.1;
						TestTargetID = 973314A727DB3B1600A305A0;
					};
					973314C727DB3B1700A305A0 = {
						CreatedOnToolsVersion = 13.2.1;
						TestTargetID = 973314A727DB3B1600A305A0;
					};
				};
			};
			buildConfigurationList = 973314A327DB3B1600A305A0 /* Build configuration list for PBXProject "XCUIAutomationScripts" */;
			compatibilityVersion = "Xcode 13.0";
			developmentRegion = en;
			hasScannedForEncodings = 0;
			knownRegions = (
				en,
				Base,
			);
			mainGroup = 9733149F27DB3B1600A305A0;
			productRefGroup = 973314A927DB3B1600A305A0 /* Products */;
			projectDirPath = "";
			projectRoot = "";
			targets = (
				973314A727DB3B1600A305A0 /* XCUIAutomationScripts */,
				973314BD27DB3B1700A305A0 /* XCUIAutomationScriptsTests */,
				973314C727DB3B1700A305A0 /* XCUIAutomationScriptsUITests */,
			);
		};
/* End PBXProject section */

/* Begin PBXResourcesBuildPhase section */
		973314A627DB3B1600A305A0 /* Resources */ = {
			isa = PBXResourcesBuildPhase;
			buildActionMask = 2147483647;
			files = (
				973314B827DB3B1700A305A0 /* LaunchScreen.storyboard in Resources */,
				973314B527DB3B1700A305A0 /* Assets.xcassets in Resources */,
				973314B327DB3B1600A305A0 /* Main.storyboard in Resources */,
			);
			runOnlyForDeploymentPostprocessing = 0;
		};
		973314BC27DB3B1700A305A0 /* Resources */ = {
			isa = PBXResourcesBuildPhase;
			buildActionMask = 2147483647;
			files = (
			);
			runOnlyForDeploymentPostprocessing = 0;
		};
		973314C627DB3B1700A305A0 /* Resources */ = {
			isa = PBXResourcesBuildPhase;
			buildActionMask = 2147483647;
			files = (
			);
			runOnlyForDeploymentPostprocessing = 0;
		};
/* End PBXResourcesBuildPhase section */

/* Begin PBXSourcesBuildPhase section */
		973314A427DB3B1600A305A0 /* Sources */ = {
			isa = PBXSourcesBuildPhase;
			buildActionMask = 2147483647;
			files = (
				973314B027DB3B1600A305A0 /* ViewController.swift in Sources */,
				973314AC27DB3B1600A305A0 /* AppDelegate.swift in Sources */,
				973314AE27DB3B1600A305A0 /* SceneDelegate.swift in Sources */,
			);
			runOnlyForDeploymentPostprocessing = 0;
		};
		973314BA27DB3B1700A305A0 /* Sources */ = {
			isa = PBXSourcesBuildPhase;
			buildActionMask = 2147483647;
			files = (
				973314C327DB3B1700A305A0 /* XCUIAutomationScriptsTests.swift in Sources */,
			);
			runOnlyForDeploymentPostprocessing = 0;
		};
		973314C427DB3B1700A305A0 /* Sources */ = {
			isa = PBXSourcesBuildPhase;
			buildActionMask = 2147483647;
			files = (
				973314CD27DB3B1700A305A0 /* XCUIAutomationScriptsUITests.swift in Sources */,
				973314CF27DB3B1800A305A0 /* XCUIAutomationScriptsUITestsLaunchTests.swift in Sources */,
			);
			runOnlyForDeploymentPostprocessing = 0;
		};
/* End PBXSourcesBuildPhase section */

/* Begin PBXTargetDependency section */
		973314C027DB3B1700A305A0 /* PBXTargetDependency */ = {
			isa = PBXTargetDependency;
			target = 973314A727DB3B1600A305A0 /* XCUIAutomationScripts */;
			targetProxy = 973314BF27DB3B1700A305A0 /* PBXContainerItemProxy */;
		};
		973314CA27DB3B1700A305A0 /* PBXTargetDependency */ = {
			isa = PBXTargetDependency;
			target = 973314A727DB3B1600A305A0 /* XCUIAutomationScripts */;
			targetProxy = 973314C927DB3B1700A305A0 /* PBXContainerItemProxy */;
		};
/* End PBXTargetDependency section */

/* Begin PBXVariantGroup section */
		973314B127DB3B1600A305A0 /* Main.storyboard */ = {
			isa = PBXVariantGroup;
			children = (
				973314B227DB3B1600A305A0 /* Base */,
			);
			name = Main.storyboard;
			sourceTree = "<group>";
		};
		973314B627DB3B1700A305A0 /* LaunchScreen.storyboard */ = {
			isa = PBXVariantGroup;
			children = (
				973314B727DB3B1700A305A0 /* Base */,
			);
			name = LaunchScreen.storyboard;
			sourceTree = "<group>";
		};
/* End PBXVariantGroup section */

/* Begin XCBuildConfiguration section */
		973314D027DB3B1800A305A0 /* Debug */ = {
			isa = XCBuildConfiguration;
			buildSettings = {
				ALWAYS_SEARCH_USER_PATHS = NO;
				CLANG_ANALYZER_NONNULL = YES;
				CLANG_ANALYZER_NUMBER_OBJECT_CONVERSION = YES_AGGRESSIVE;
				CLANG_CXX_LANGUAGE_STANDARD = "gnu++17";
				CLANG_CXX_LIBRARY = "libc++";
				CLANG_ENABLE_MODULES = YES;
				CLANG_ENABLE_OBJC_ARC = YES;
				CLANG_ENABLE_OBJC_WEAK = YES;
				CLANG_WARN_BLOCK_CAPTURE_AUTORELEASING = YES;
				CLANG_WARN_BOOL_CONVERSION = YES;
				CLANG_WARN_COMMA = YES;
				CLANG_WARN_CONSTANT_CONVERSION = YES;
				CLANG_WARN_DEPRECATED_OBJC_IMPLEMENTATIONS = YES;
				CLANG_WARN_DIRECT_OBJC_ISA_USAGE = YES_ERROR;
				CLANG_WARN_DOCUMENTATION_COMMENTS = YES;
				CLANG_WARN_EMPTY_BODY = YES;
				CLANG_WARN_ENUM_CONVERSION = YES;
				CLANG_WARN_INFINITE_RECURSION = YES;
				CLANG_WARN_INT_CONVERSION = YES;
				CLANG_WARN_NON_LITERAL_NULL_CONVERSION = YES;
				CLANG_WARN_OBJC_IMPLICIT_RETAIN_SELF = YES;
				CLANG_WARN_OBJC_LITERAL_CONVERSION = YES;
				CLANG_WARN_OBJC_ROOT_CLASS = YES_ERROR;
				CLANG_WARN_QUOTED_INCLUDE_IN_FRAMEWORK_HEADER = YES;
				CLANG_WARN_RANGE_LOOP_ANALYSIS = YES;
				CLANG_WARN_STRICT_PROTOTYPES = YES;
				CLANG_WARN_SUSPICIOUS_MOVE = YES;
				CLANG_WARN_UNGUARDED_AVAILABILITY = YES_AGGRESSIVE;
				CLANG_WARN_UNREACHABLE_CODE = YES;
				CLANG_WARN__DUPLICATE_METHOD_MATCH = YES;
				COPY_PHASE_STRIP = NO;
				DEBUG_INFORMATION_FORMAT = dwarf;
				ENABLE_STRICT_OBJC_MSGSEND = YES;
				ENABLE_TESTABILITY = YES;
				GCC_C_LANGUAGE_STANDARD = gnu11;
				GCC_DYNAMIC_NO_PIC = NO;
				GCC_NO_COMMON_BLOCKS = YES;
				GCC_OPTIMIZATION_LEVEL = 0;
				GCC_PREPROCESSOR_DEFINITIONS = (
					"DEBUG=1",
					"$(inherited)",
				);
				GCC_WARN_64_TO_32_BIT_CONVERSION = YES;
				GCC_WARN_ABOUT_RETURN_TYPE = YES_ERROR;
				GCC_WARN_UNDECLARED_SELECTOR = YES;
				GCC_WARN_UNINITIALIZED_AUTOS = YES_AGGRESSIVE;
				GCC_WARN_UNUSED_FUNCTION = YES;
				GCC_WARN_UNUSED_VARIABLE = YES;
				IPHONEOS_DEPLOYMENT_TARGET = 15.2;
				MTL_ENABLE_DEBUG_INFO = INCLUDE_SOURCE;
				MTL_FAST_MATH = YES;
				ONLY_ACTIVE_ARCH = YES;
				SDKROOT = iphoneos;
				SWIFT_ACTIVE_COMPILATION_CONDITIONS = DEBUG;
				SWIFT_OPTIMIZATION_LEVEL = "-Onone";
			};
			name = Debug;
		};
		973314D127DB3B1800A305A0 /* Release */ = {
			isa = XCBuildConfiguration;
			buildSettings = {
				ALWAYS_SEARCH_USER_PATHS = NO;
				CLANG_ANALYZER_NONNULL = YES;
				CLANG_ANALYZER_NUMBER_OBJECT_CONVERSION = YES_AGGRESSIVE;
				CLANG_CXX_LANGUAGE_STANDARD = "gnu++17";
				CLANG_CXX_LIBRARY = "libc++";
				CLANG_ENABLE_MODULES = YES;
				CLANG_ENABLE_OBJC_ARC = YES;
				CLANG_ENABLE_OBJC_WEAK = YES;
				CLANG_WARN_BLOCK_CAPTURE_AUTORELEASING = YES;
				CLANG_WARN_BOOL_CONVERSION = YES;
				CLANG_WARN_COMMA = YES;
				CLANG_WARN_CONSTANT_CONVERSION = YES;
				CLANG_WARN_DEPRECATED_OBJC_IMPLEMENTATIONS = YES;
				CLANG_WARN_DIRECT_OBJC_ISA_USAGE = YES_ERROR;
				CLANG_WARN_DOCUMENTATION_COMMENTS = YES;
				CLANG_WARN_EMPTY_BODY = YES;
				CLANG_WARN_ENUM_CONVERSION = YES;
				CLANG_WARN_INFINITE_RECURSION = YES;
				CLANG_WARN_INT_CONVERSION = YES;
				CLANG_WARN_NON_LITERAL_NULL_CONVERSION = YES;
				CLANG_WARN_OBJC_IMPLICIT_RETAIN_SELF = YES;
				CLANG_WARN_OBJC_LITERAL_CONVERSION = YES;
				CLANG_WARN_OBJC_ROOT_CLASS = YES_ERROR;
				CLANG_WARN_QUOTED_INCLUDE_IN_FRAMEWORK_HEADER = YES;
				CLANG_WARN_RANGE_LOOP_ANALYSIS = YES;
				CLANG_WARN_STRICT_PROTOTYPES = YES;
				CLANG_WARN_SUSPICIOUS_MOVE = YES;
				CLANG_WARN_UNGUARDED_AVAILABILITY = YES_AGGRESSIVE;
				CLANG_WARN_UNREACHABLE_CODE = YES;
				CLANG_WARN__DUPLICATE_METHOD_MATCH = YES;
				COPY_PHASE_STRIP = NO;
				DEBUG_INFORMATION_FORMAT = "dwarf-with-dsym";
				ENABLE_NS_ASSERTIONS = NO;
				ENABLE_STRICT_OBJC_MSGSEND = YES;
				GCC_C_LANGUAGE_STANDARD = gnu11;
				GCC_NO_COMMON_BLOCKS = YES;
				GCC_WARN_64_TO_32_BIT_CONVERSION = YES;
				GCC_WARN_ABOUT_RETURN_TYPE = YES_ERROR;
				GCC_WARN_UNDECLARED_SELECTOR = YES;
				GCC_WARN_UNINITIALIZED_AUTOS = YES_AGGRESSIVE;
				GCC_WARN_UNUSED_FUNCTION = YES;
				GCC_WARN_UNUSED_VARIABLE = YES;
				IPHONEOS_DEPLOYMENT_TARGET = 15.2;
				MTL_ENABLE_DEBUG_INFO = NO;
				MTL_FAST_MATH = YES;
				SDKROOT = iphoneos;
				SWIFT_COMPILATION_MODE = wholemodule;
				SWIFT_OPTIMIZATION_LEVEL = "-O";
				VALIDATE_PRODUCT = YES;
			};
			name = Release;
		};
		973314D327DB3B1800A305A0 /* Debug */ = {
			isa = XCBuildConfiguration;
			buildSettings = {
				ASSETCATALOG_COMPILER_APPICON_NAME = AppIcon;
				ASSETCATALOG_COMPILER_GLOBAL_ACCENT_COLOR_NAME = AccentColor;
				CODE_SIGN_STYLE = Automatic;
				CURRENT_PROJECT_VERSION = 1;
				DEVELOPMENT_TEAM = 8WH83DMLCD;
				GENERATE_INFOPLIST_FILE = YES;
				INFOPLIST_FILE = XCUIAutomationScripts/Info.plist;
				INFOPLIST_KEY_UIApplicationSupportsIndirectInputEvents = YES;
				INFOPLIST_KEY_UILaunchStoryboardName = LaunchScreen;
				INFOPLIST_KEY_UIMainStoryboardFile = Main;
				INFOPLIST_KEY_UISupportedInterfaceOrientations_iPad = "UIInterfaceOrientationPortrait UIInterfaceOrientationPortraitUpsideDown UIInterfaceOrientationLandscapeLeft UIInterfaceOrientationLandscapeRight";
				INFOPLIST_KEY_UISupportedInterfaceOrientations_iPhone = "UIInterfaceOrientationPortrait UIInterfaceOrientationLandscapeLeft UIInterfaceOrientationLandscapeRight";
				LD_RUNPATH_SEARCH_PATHS = (
					"$(inherited)",
					"@executable_path/Frameworks",
				);
				MARKETING_VERSION = 1.0;
				PRODUCT_BUNDLE_IDENTIFIER = co.sai.XCUIAutomationScripts;
				PRODUCT_NAME = "$(TARGET_NAME)";
				SWIFT_EMIT_LOC_STRINGS = YES;
				SWIFT_VERSION = 5.0;
				TARGETED_DEVICE_FAMILY = "1,2";
			};
			name = Debug;
		};
		973314D427DB3B1800A305A0 /* Release */ = {
			isa = XCBuildConfiguration;
			buildSettings = {
				ASSETCATALOG_COMPILER_APPICON_NAME = AppIcon;
				ASSETCATALOG_COMPILER_GLOBAL_ACCENT_COLOR_NAME = AccentColor;
				CODE_SIGN_STYLE = Automatic;
				CURRENT_PROJECT_VERSION = 1;
				DEVELOPMENT_TEAM = 8WH83DMLCD;
				GENERATE_INFOPLIST_FILE = YES;
				INFOPLIST_FILE = XCUIAutomationScripts/Info.plist;
				INFOPLIST_KEY_UIApplicationSupportsIndirectInputEvents = YES;
				INFOPLIST_KEY_UILaunchStoryboardName = LaunchScreen;
				INFOPLIST_KEY_UIMainStoryboardFile = Main;
				INFOPLIST_KEY_UISupportedInterfaceOrientations_iPad = "UIInterfaceOrientationPortrait UIInterfaceOrientationPortraitUpsideDown UIInterfaceOrientationLandscapeLeft UIInterfaceOrientationLandscapeRight";
				INFOPLIST_KEY_UISupportedInterfaceOrientations_iPhone = "UIInterfaceOrientationPortrait UIInterfaceOrientationLandscapeLeft UIInterfaceOrientationLandscapeRight";
				LD_RUNPATH_SEARCH_PATHS = (
					"$(inherited)",
					"@executable_path/Frameworks",
				);
				MARKETING_VERSION = 1.0;
				PRODUCT_BUNDLE_IDENTIFIER = co.sai.XCUIAutomationScripts;
				PRODUCT_NAME = "$(TARGET_NAME)";
				SWIFT_EMIT_LOC_STRINGS = YES;
				SWIFT_VERSION = 5.0;
				TARGETED_DEVICE_FAMILY = "1,2";
			};
			name = Release;
		};
		973314D627DB3B1800A305A0 /* Debug */ = {
			isa = XCBuildConfiguration;
			buildSettings = {
				ALWAYS_EMBED_SWIFT_STANDARD_LIBRARIES = YES;
				BUNDLE_LOADER = "$(TEST_HOST)";
				CODE_SIGN_STYLE = Automatic;
				CURRENT_PROJECT_VERSION = 1;
				DEVELOPMENT_TEAM = 8WH83DMLCD;
				GENERATE_INFOPLIST_FILE = YES;
				IPHONEOS_DEPLOYMENT_TARGET = 15.2;
				MARKETING_VERSION = 1.0;
				PRODUCT_BUNDLE_IDENTIFIER = co.sai.XCUIAutomationScriptsTests;
				PRODUCT_NAME = "$(TARGET_NAME)";
				SWIFT_EMIT_LOC_STRINGS = NO;
				SWIFT_VERSION = 5.0;
				TARGETED_DEVICE_FAMILY = "1,2";
				TEST_HOST = "$(BUILT_PRODUCTS_DIR)/XCUIAutomationScripts.app/XCUIAutomationScripts";
			};
			name = Debug;
		};
		973314D727DB3B1800A305A0 /* Release */ = {
			isa = XCBuildConfiguration;
			buildSettings = {
				ALWAYS_EMBED_SWIFT_STANDARD_LIBRARIES = YES;
				BUNDLE_LOADER = "$(TEST_HOST)";
				CODE_SIGN_STYLE = Automatic;
				CURRENT_PROJECT_VERSION = 1;
				DEVELOPMENT_TEAM = 8WH83DMLCD;
				GENERATE_INFOPLIST_FILE = YES;
				IPHONEOS_DEPLOYMENT_TARGET = 15.2;
				MARKETING_VERSION = 1.0;
				PRODUCT_BUNDLE_IDENTIFIER = co.sai.XCUIAutomationScriptsTests;
				PRODUCT_NAME = "$(TARGET_NAME)";
				SWIFT_EMIT_LOC_STRINGS = NO;
				SWIFT_VERSION = 5.0;
				TARGETED_DEVICE_FAMILY = "1,2";
				TEST_HOST = "$(BUILT_PRODUCTS_DIR)/XCUIAutomationScripts.app/XCUIAutomationScripts";
			};
			name = Release;
		};
		973314D927DB3B1800A305A0 /* Debug */ = {
			isa = XCBuildConfiguration;
			buildSettings = {
				ALWAYS_EMBED_SWIFT_STANDARD_LIBRARIES = YES;
				CODE_SIGN_STYLE = Automatic;
				CURRENT_PROJECT_VERSION = 1;
				DEVELOPMENT_TEAM = 8WH83DMLCD;
				GENERATE_INFOPLIST_FILE = YES;
				MARKETING_VERSION = 1.0;
				PRODUCT_BUNDLE_IDENTIFIER = co.sai.XCUIAutomationScriptsUITests;
				PRODUCT_NAME = "$(TARGET_NAME)";
				SWIFT_EMIT_LOC_STRINGS = NO;
				SWIFT_VERSION = 5.0;
				TARGETED_DEVICE_FAMILY = "1,2";
				TEST_TARGET_NAME = XCUIAutomationScripts;
			};
			name = Debug;
		};
		973314DA27DB3B1800A305A0 /* Release */ = {
			isa = XCBuildConfiguration;
			buildSettings = {
				ALWAYS_EMBED_SWIFT_STANDARD_LIBRARIES = YES;
				CODE_SIGN_STYLE = Automatic;
				CURRENT_PROJECT_VERSION = 1;
				DEVELOPMENT_TEAM = 8WH83DMLCD;
				GENERATE_INFOPLIST_FILE = YES;
				MARKETING_VERSION = 1.0;
				PRODUCT_BUNDLE_IDENTIFIER = co.sai.XCUIAutomationScriptsUITests;
				PRODUCT_NAME = "$(TARGET_NAME)";
				SWIFT_EMIT_LOC_STRINGS = NO;
				SWIFT_VERSION = 5.0;
				TARGETED_DEVICE_FAMILY = "1,2";
				TEST_TARGET_NAME = XCUIAutomationScripts;
			};
			name = Release;
		};
/* End XCBuildConfiguration section */

/* Begin XCConfigurationList section */
		973314A327DB3B1600A305A0 /* Build configuration list for PBXProject "XCUIAutomationScripts" */ = {
			isa = XCConfigurationList;
			buildConfigurations = (
				973314D027DB3B1800A305A0 /* Debug */,
				973314D127DB3B1800A305A0 /* Release */,
			);
			defaultConfigurationIsVisible = 0;
			defaultConfigurationName = Release;
		};
		973314D227DB3B1800A305A0 /* Build configuration list for PBXNativeTarget "XCUIAutomationScripts" */ = {
			isa = XCConfigurationList;
			buildConfigurations = (
				973314D327DB3B1800A305A0 /* Debug */,
				973314D427DB3B1800A305A0 /* Release */,
			);
			defaultConfigurationIsVisible = 0;
			defaultConfigurationName = Release;
		};
		973314D527DB3B1800A305A0 /* Build configuration list for PBXNativeTarget "XCUIAutomationScriptsTests" */ = {
			isa = XCConfigurationList;
			buildConfigurations = (
				973314D627DB3B1800A305A0 /* Debug */,
				973314D727DB3B1800A305A0 /* Release */,
			);
			defaultConfigurationIsVisible = 0;
			defaultConfigurationName = Release;
		};
		973314D827DB3B1800A305A0 /* Build configuration list for PBXNativeTarget "XCUIAutomationScriptsUITests" */ = {
			isa = XCConfigurationList;
			buildConfigurations = (
				973314D927DB3B1800A305A0 /* Debug */,
				973314DA27DB3B1800A305A0 /* Release */,
			);
			defaultConfigurationIsVisible = 0;
			defaultConfigurationName = Release;
		};
/* End XCConfigurationList section */
	};
	rootObject = 973314A027DB3B1600A305A0 /* Project object */;
}
